
Microsoft Visual Studio Solution File, Format Version 12.00
# Visual Studio Version 17
VisualStudioVersion = 17.10.35013.160
MinimumVisualStudioVersion = 10.0.40219.1
Project("{FAE04EC0-301F-11D3-BF4B-00C04F79EFBC}") = "Test3", "Test3.csproj", "{DC6A76B7-DF94-4D3F-93F1-355513F51F2C}"
EndProject
Global
	GlobalSection(SolutionConfigurationPlatforms) = preSolution
		Debug|Any CPU = Debug|Any CPU
		Release|Any CPU = Release|Any CPU
	EndGlobalSection
	GlobalSection(ProjectConfigurationPlatforms) = postSolution
		{DC6A76B7-DF94-4D3F-93F1-355513F51F2C}.Debug|Any CPU.ActiveCfg = Debug|Any CPU
		{DC6A76B7-DF94-4D3F-93F1-355513F51F2C}.Debug|Any CPU.Build.0 = Debug|Any CPU
		{DC6A76B7-DF94-4D3F-93F1-355513F51F2C}.Release|Any CPU.ActiveCfg = Release|Any CPU
		{DC6A76B7-DF94-4D3F-93F1-355513F51F2C}.Release|Any CPU.Build.0 = Release|Any CPU
	EndGlobalSection
	GlobalSection(SolutionProperties) = preSolution
		HideSolutionNode = FALSE
	EndGlobalSection
	GlobalSection(ExtensibilityGlobals) = postSolution
		SolutionGuid = {E48D40FC-35F2-4881-B680-5E4C13B248D2}
	EndGlobalSection
EndGlobal
